
Microsoft Visual Studio Solution File, Format Version 12.00
# Visual Studio 14
VisualStudioVersion = 14.0.25420.1
MinimumVisualStudioVersion = 10.0.40219.1
Project("{FAE04EC0-301F-11D3-BF4B-00C04F79EFBC}") = "QWF.Framework", "QWF.Framework\QWF.Framework.csproj", "{AAE2931B-348B-4213-ADD7-2665E52617BC}"
EndProject
Project("{FAE04EC0-301F-11D3-BF4B-00C04F79EFBC}") = "QWF.Framework.Test", "QWF.Framework.Test\QWF.Framework.Test.csproj", "{A1291338-A40A-4646-94FB-76D5914F45FA}"
EndProject
Project("{2150E333-8FDC-42A3-9474-1A3956D46DE8}") = "10.docs", "10.docs", "{EF1E9297-00D0-46F3-84A6-E17C4974087C}"
EndProject
Project("{2150E333-8FDC-42A3-9474-1A3956D46DE8}") = "20.Framework", "20.Framework", "{4E628A17-83E5-4533-833F-8451B9DC24D1}"
EndProject
Project("{2150E333-8FDC-42A3-9474-1A3956D46DE8}") = "40.Test", "40.Test", "{E4475AC3-09A8-4DBD-B5CD-09130DB71F1B}"
EndProject
Project("{FAE04EC0-301F-11D3-BF4B-00C04F79EFBC}") = "QWF.Framework.Sites", "QWF.Framework.Sites\QWF.Framework.Sites.csproj", "{9512C630-9935-4DB9-AB24-8BDE43C00E8F}"
EndProject
Project("{2150E333-8FDC-42A3-9474-1A3956D46DE8}") = "30.CRM", "30.CRM", "{61AB6CB6-A40A-4C5D-A3D8-9D85928BB397}"
EndProject
Project("{FAE04EC0-301F-11D3-BF4B-00C04F79EFBC}") = "QWF.CRM.WebApp", "QWF.CRM.WebApp\QWF.CRM.WebApp.csproj", "{E25938E5-F968-48FB-8A60-8E3FFEE5824B}"
EndProject
Project("{FAE04EC0-301F-11D3-BF4B-00C04F79EFBC}") = "QWF.CRM.DbAccess.SQLServer", "QWF.CRM.DbAccess\QWF.CRM.DbAccess.SQLServer.csproj", "{28D1F85E-67ED-4934-9A8C-C15D891890F2}"
EndProject
Project("{FAE04EC0-301F-11D3-BF4B-00C04F79EFBC}") = "QWF.CRM", "QWF.CRM\QWF.CRM.csproj", "{56271153-6B18-4CC8-9C3F-B9BAEB8B98A1}"
EndProject
Project("{FAE04EC0-301F-11D3-BF4B-00C04F79EFBC}") = "QWF.Framework.DbAccess.SQLServer", "QWF.Framework.DbAccess.SQLServer\QWF.Framework.DbAccess.SQLServer.csproj", "{A514EFDA-CBC8-4D26-939A-1BA7C298AEFF}"
EndProject
Project("{FAE04EC0-301F-11D3-BF4B-00C04F79EFBC}") = "QWF.CRM.PlugIn", "QWF.CRM.PlugIn\QWF.CRM.PlugIn.csproj", "{CDE20442-B24D-4DEA-BB78-74FDAF5A656F}"
EndProject
Project("{FAE04EC0-301F-11D3-BF4B-00C04F79EFBC}") = "QWF.Assembly", "QWF.Assembly\QWF.Assembly.csproj", "{787742EC-C1C4-4788-BAA7-2B87593FAB56}"
EndProject
Global
	GlobalSection(SolutionConfigurationPlatforms) = preSolution
		Debug|Any CPU = Debug|Any CPU
		Debug|x86 = Debug|x86
		Release|Any CPU = Release|Any CPU
		Release|x86 = Release|x86
	EndGlobalSection
	GlobalSection(ProjectConfigurationPlatforms) = postSolution
		{AAE2931B-348B-4213-ADD7-2665E52617BC}.Debug|Any CPU.ActiveCfg = Debug|Any CPU
		{AAE2931B-348B-4213-ADD7-2665E52617BC}.Debug|Any CPU.Build.0 = Debug|Any CPU
		{AAE2931B-348B-4213-ADD7-2665E52617BC}.Debug|x86.ActiveCfg = Debug|x86
		{AAE2931B-348B-4213-ADD7-2665E52617BC}.Debug|x86.Build.0 = Debug|x86
		{AAE2931B-348B-4213-ADD7-2665E52617BC}.Release|Any CPU.ActiveCfg = Release|Any CPU
		{AAE2931B-348B-4213-ADD7-2665E52617BC}.Release|Any CPU.Build.0 = Release|Any CPU
		{AAE2931B-348B-4213-ADD7-2665E52617BC}.Release|x86.ActiveCfg = Release|x86
		{AAE2931B-348B-4213-ADD7-2665E52617BC}.Release|x86.Build.0 = Release|x86
		{A1291338-A40A-4646-94FB-76D5914F45FA}.Debug|Any CPU.ActiveCfg = Debug|Any CPU
		{A1291338-A40A-4646-94FB-76D5914F45FA}.Debug|Any CPU.Build.0 = Debug|Any CPU
		{A1291338-A40A-4646-94FB-76D5914F45FA}.Debug|x86.ActiveCfg = Debug|x86
		{A1291338-A40A-4646-94FB-76D5914F45FA}.Debug|x86.Build.0 = Debug|x86
		{A1291338-A40A-4646-94FB-76D5914F45FA}.Release|Any CPU.ActiveCfg = Release|Any CPU
		{A1291338-A40A-4646-94FB-76D5914F45FA}.Release|Any CPU.Build.0 = Release|Any CPU
		{A1291338-A40A-4646-94FB-76D5914F45FA}.Release|x86.ActiveCfg = Release|x86
		{A1291338-A40A-4646-94FB-76D5914F45FA}.Release|x86.Build.0 = Release|x86
		{9512C630-9935-4DB9-AB24-8BDE43C00E8F}.Debug|Any CPU.ActiveCfg = Debug|Any CPU
		{9512C630-9935-4DB9-AB24-8BDE43C00E8F}.Debug|Any CPU.Build.0 = Debug|Any CPU
		{9512C630-9935-4DB9-AB24-8BDE43C00E8F}.Debug|x86.ActiveCfg = Debug|x86
		{9512C630-9935-4DB9-AB24-8BDE43C00E8F}.Debug|x86.Build.0 = Debug|x86
		{9512C630-9935-4DB9-AB24-8BDE43C00E8F}.Release|Any CPU.ActiveCfg = Release|Any CPU
		{9512C630-9935-4DB9-AB24-8BDE43C00E8F}.Release|Any CPU.Build.0 = Release|Any CPU
		{9512C630-9935-4DB9-AB24-8BDE43C00E8F}.Release|x86.ActiveCfg = Release|x86
		{9512C630-9935-4DB9-AB24-8BDE43C00E8F}.Release|x86.Build.0 = Release|x86
		{E25938E5-F968-48FB-8A60-8E3FFEE5824B}.Debug|Any CPU.ActiveCfg = Debug|Any CPU
		{E25938E5-F968-48FB-8A60-8E3FFEE5824B}.Debug|Any CPU.Build.0 = Debug|Any CPU
		{E25938E5-F968-48FB-8A60-8E3FFEE5824B}.Debug|x86.ActiveCfg = Debug|x86
		{E25938E5-F968-48FB-8A60-8E3FFEE5824B}.Debug|x86.Build.0 = Debug|x86
		{E25938E5-F968-48FB-8A60-8E3FFEE5824B}.Release|Any CPU.ActiveCfg = Release|Any CPU
		{E25938E5-F968-48FB-8A60-8E3FFEE5824B}.Release|Any CPU.Build.0 = Release|Any CPU
		{E25938E5-F968-48FB-8A60-8E3FFEE5824B}.Release|x86.ActiveCfg = Release|x86
		{E25938E5-F968-48FB-8A60-8E3FFEE5824B}.Release|x86.Build.0 = Release|x86
		{28D1F85E-67ED-4934-9A8C-C15D891890F2}.Debug|Any CPU.ActiveCfg = Debug|Any CPU
		{28D1F85E-67ED-4934-9A8C-C15D891890F2}.Debug|Any CPU.Build.0 = Debug|Any CPU
		{28D1F85E-67ED-4934-9A8C-C15D891890F2}.Debug|x86.ActiveCfg = Debug|x86
		{28D1F85E-67ED-4934-9A8C-C15D891890F2}.Debug|x86.Build.0 = Debug|x86
		{28D1F85E-67ED-4934-9A8C-C15D891890F2}.Release|Any CPU.ActiveCfg = Release|Any CPU
		{28D1F85E-67ED-4934-9A8C-C15D891890F2}.Release|Any CPU.Build.0 = Release|Any CPU
		{28D1F85E-67ED-4934-9A8C-C15D891890F2}.Release|x86.ActiveCfg = Release|x86
		{28D1F85E-67ED-4934-9A8C-C15D891890F2}.Release|x86.Build.0 = Release|x86
		{56271153-6B18-4CC8-9C3F-B9BAEB8B98A1}.Debug|Any CPU.ActiveCfg = Debug|Any CPU
		{56271153-6B18-4CC8-9C3F-B9BAEB8B98A1}.Debug|Any CPU.Build.0 = Debug|Any CPU
		{56271153-6B18-4CC8-9C3F-B9BAEB8B98A1}.Debug|x86.ActiveCfg = Debug|x86
		{56271153-6B18-4CC8-9C3F-B9BAEB8B98A1}.Debug|x86.Build.0 = Debug|x86
		{56271153-6B18-4CC8-9C3F-B9BAEB8B98A1}.Release|Any CPU.ActiveCfg = Release|Any CPU
		{56271153-6B18-4CC8-9C3F-B9BAEB8B98A1}.Release|Any CPU.Build.0 = Release|Any CPU
		{56271153-6B18-4CC8-9C3F-B9BAEB8B98A1}.Release|x86.ActiveCfg = Release|x86
		{56271153-6B18-4CC8-9C3F-B9BAEB8B98A1}.Release|x86.Build.0 = Release|x86
		{A514EFDA-CBC8-4D26-939A-1BA7C298AEFF}.Debug|Any CPU.ActiveCfg = Debug|Any CPU
		{A514EFDA-CBC8-4D26-939A-1BA7C298AEFF}.Debug|Any CPU.Build.0 = Debug|Any CPU
		{A514EFDA-CBC8-4D26-939A-1BA7C298AEFF}.Debug|x86.ActiveCfg = Debug|x86
		{A514EFDA-CBC8-4D26-939A-1BA7C298AEFF}.Debug|x86.Build.0 = Debug|x86
		{A514EFDA-CBC8-4D26-939A-1BA7C298AEFF}.Release|Any CPU.ActiveCfg = Release|Any CPU
		{A514EFDA-CBC8-4D26-939A-1BA7C298AEFF}.Release|Any CPU.Build.0 = Release|Any CPU
		{A514EFDA-CBC8-4D26-939A-1BA7C298AEFF}.Release|x86.ActiveCfg = Release|x86
		{A514EFDA-CBC8-4D26-939A-1BA7C298AEFF}.Release|x86.Build.0 = Release|x86
		{CDE20442-B24D-4DEA-BB78-74FDAF5A656F}.Debug|Any CPU.ActiveCfg = Debug|Any CPU
		{CDE20442-B24D-4DEA-BB78-74FDAF5A656F}.Debug|Any CPU.Build.0 = Debug|Any CPU
		{CDE20442-B24D-4DEA-BB78-74FDAF5A656F}.Debug|x86.ActiveCfg = Debug|x86
		{CDE20442-B24D-4DEA-BB78-74FDAF5A656F}.Debug|x86.Build.0 = Debug|x86
		{CDE20442-B24D-4DEA-BB78-74FDAF5A656F}.Release|Any CPU.ActiveCfg = Release|Any CPU
		{CDE20442-B24D-4DEA-BB78-74FDAF5A656F}.Release|Any CPU.Build.0 = Release|Any CPU
		{CDE20442-B24D-4DEA-BB78-74FDAF5A656F}.Release|x86.ActiveCfg = Release|x86
		{CDE20442-B24D-4DEA-BB78-74FDAF5A656F}.Release|x86.Build.0 = Release|x86
		{787742EC-C1C4-4788-BAA7-2B87593FAB56}.Debug|Any CPU.ActiveCfg = Debug|Any CPU
		{787742EC-C1C4-4788-BAA7-2B87593FAB56}.Debug|Any CPU.Build.0 = Debug|Any CPU
		{787742EC-C1C4-4788-BAA7-2B87593FAB56}.Debug|x86.ActiveCfg = Debug|x86
		{787742EC-C1C4-4788-BAA7-2B87593FAB56}.Debug|x86.Build.0 = Debug|x86
		{787742EC-C1C4-4788-BAA7-2B87593FAB56}.Release|Any CPU.ActiveCfg = Release|Any CPU
		{787742EC-C1C4-4788-BAA7-2B87593FAB56}.Release|Any CPU.Build.0 = Release|Any CPU
		{787742EC-C1C4-4788-BAA7-2B87593FAB56}.Release|x86.ActiveCfg = Release|x86
		{787742EC-C1C4-4788-BAA7-2B87593FAB56}.Release|x86.Build.0 = Release|x86
	EndGlobalSection
	GlobalSection(SolutionProperties) = preSolution
		HideSolutionNode = FALSE
	EndGlobalSection
	GlobalSection(NestedProjects) = preSolution
		{AAE2931B-348B-4213-ADD7-2665E52617BC} = {4E628A17-83E5-4533-833F-8451B9DC24D1}
		{A1291338-A40A-4646-94FB-76D5914F45FA} = {E4475AC3-09A8-4DBD-B5CD-09130DB71F1B}
		{9512C630-9935-4DB9-AB24-8BDE43C00E8F} = {4E628A17-83E5-4533-833F-8451B9DC24D1}
		{E25938E5-F968-48FB-8A60-8E3FFEE5824B} = {61AB6CB6-A40A-4C5D-A3D8-9D85928BB397}
		{28D1F85E-67ED-4934-9A8C-C15D891890F2} = {61AB6CB6-A40A-4C5D-A3D8-9D85928BB397}
		{56271153-6B18-4CC8-9C3F-B9BAEB8B98A1} = {61AB6CB6-A40A-4C5D-A3D8-9D85928BB397}
		{A514EFDA-CBC8-4D26-939A-1BA7C298AEFF} = {4E628A17-83E5-4533-833F-8451B9DC24D1}
		{CDE20442-B24D-4DEA-BB78-74FDAF5A656F} = {61AB6CB6-A40A-4C5D-A3D8-9D85928BB397}
		{787742EC-C1C4-4788-BAA7-2B87593FAB56} = {4E628A17-83E5-4533-833F-8451B9DC24D1}
	EndGlobalSection
	GlobalSection(SubversionScc) = preSolution
		Svn-Managed = True
		Manager = AnkhSVN - Subversion Support for Visual Studio
	EndGlobalSection
EndGlobal
