
Microsoft Visual Studio Solution File, Format Version 12.00
# Visual Studio 14
VisualStudioVersion = 14.0.25420.1
MinimumVisualStudioVersion = 10.0.40219.1
Project("{FAE04EC0-301F-11D3-BF4B-00C04F79EFBC}") = "LanyunMES.Entity", "MES.Model\LanyunMES.Entity.csproj", "{8E8D59EC-498B-4263-844C-391190CB8380}"
EndProject
Project("{FAE04EC0-301F-11D3-BF4B-00C04F79EFBC}") = "LanyunMES.DAL", "MES.DAL\LanyunMES.DAL.csproj", "{C42DDB07-0803-46A1-8982-959BACC9D1D5}"
EndProject
Project("{FAE04EC0-301F-11D3-BF4B-00C04F79EFBC}") = "LanyunMES.UIBase", "MES.UIBase\LanyunMES.UIBase.csproj", "{7D3D1874-6DF1-41C7-A6CD-DF7249DAD153}"
EndProject
Project("{FAE04EC0-301F-11D3-BF4B-00C04F79EFBC}") = "uiSysM", "uiSysM\uiSysM.csproj", "{09DB18C4-6C15-450D-8AA3-9A7B271EBDBF}"
EndProject
Project("{FAE04EC0-301F-11D3-BF4B-00C04F79EFBC}") = "LanyunMES.UI", "MES.UI\LanyunMES.UI.csproj", "{2C87871D-4A93-44CF-A55F-5020C3946779}"
EndProject
Project("{FAE04EC0-301F-11D3-BF4B-00C04F79EFBC}") = "LanyunMES.Business", "LanyunMES.Business\LanyunMES.Business.csproj", "{49E372E1-6B41-4C01-B2BC-907398749438}"
EndProject
Project("{FAE04EC0-301F-11D3-BF4B-00C04F79EFBC}") = "Lanyun.DBUtil", "Lanyun.DBUtil\Lanyun.DBUtil.csproj", "{C2E427AC-787D-40A4-A1D6-E709D3D0DCEC}"
EndProject
Project("{FAE04EC0-301F-11D3-BF4B-00C04F79EFBC}") = "Lanyun.Common", "Lanyun.Common\Lanyun.Common.csproj", "{5E1931F3-AE49-4D1A-AF55-698E77FE68C4}"
EndProject
Global
	GlobalSection(SolutionConfigurationPlatforms) = preSolution
		Debug|Any CPU = Debug|Any CPU
		Debug|x86 = Debug|x86
		Release|Any CPU = Release|Any CPU
		Release|x86 = Release|x86
		StrongMagic|Any CPU = StrongMagic|Any CPU
		StrongMagic|x86 = StrongMagic|x86
	EndGlobalSection
	GlobalSection(ProjectConfigurationPlatforms) = postSolution
		{8E8D59EC-498B-4263-844C-391190CB8380}.Debug|Any CPU.ActiveCfg = Debug|Any CPU
		{8E8D59EC-498B-4263-844C-391190CB8380}.Debug|Any CPU.Build.0 = Debug|Any CPU
		{8E8D59EC-498B-4263-844C-391190CB8380}.Debug|x86.ActiveCfg = Debug|x86
		{8E8D59EC-498B-4263-844C-391190CB8380}.Debug|x86.Build.0 = Debug|x86
		{8E8D59EC-498B-4263-844C-391190CB8380}.Release|Any CPU.ActiveCfg = Release|Any CPU
		{8E8D59EC-498B-4263-844C-391190CB8380}.Release|Any CPU.Build.0 = Release|Any CPU
		{8E8D59EC-498B-4263-844C-391190CB8380}.Release|x86.ActiveCfg = Release|x86
		{8E8D59EC-498B-4263-844C-391190CB8380}.Release|x86.Build.0 = Release|x86
		{8E8D59EC-498B-4263-844C-391190CB8380}.StrongMagic|Any CPU.ActiveCfg = Debug|Any CPU
		{8E8D59EC-498B-4263-844C-391190CB8380}.StrongMagic|Any CPU.Build.0 = Debug|Any CPU
		{8E8D59EC-498B-4263-844C-391190CB8380}.StrongMagic|x86.ActiveCfg = Release|Any CPU
		{C42DDB07-0803-46A1-8982-959BACC9D1D5}.Debug|Any CPU.ActiveCfg = Debug|Any CPU
		{C42DDB07-0803-46A1-8982-959BACC9D1D5}.Debug|Any CPU.Build.0 = Debug|Any CPU
		{C42DDB07-0803-46A1-8982-959BACC9D1D5}.Debug|x86.ActiveCfg = Debug|x86
		{C42DDB07-0803-46A1-8982-959BACC9D1D5}.Debug|x86.Build.0 = Debug|x86
		{C42DDB07-0803-46A1-8982-959BACC9D1D5}.Release|Any CPU.ActiveCfg = Release|Any CPU
		{C42DDB07-0803-46A1-8982-959BACC9D1D5}.Release|Any CPU.Build.0 = Release|Any CPU
		{C42DDB07-0803-46A1-8982-959BACC9D1D5}.Release|x86.ActiveCfg = Release|x86
		{C42DDB07-0803-46A1-8982-959BACC9D1D5}.Release|x86.Build.0 = Release|x86
		{C42DDB07-0803-46A1-8982-959BACC9D1D5}.StrongMagic|Any CPU.ActiveCfg = Release|Any CPU
		{C42DDB07-0803-46A1-8982-959BACC9D1D5}.StrongMagic|Any CPU.Build.0 = Release|Any CPU
		{C42DDB07-0803-46A1-8982-959BACC9D1D5}.StrongMagic|x86.ActiveCfg = Release|x86
		{C42DDB07-0803-46A1-8982-959BACC9D1D5}.StrongMagic|x86.Build.0 = Release|x86
		{7D3D1874-6DF1-41C7-A6CD-DF7249DAD153}.Debug|Any CPU.ActiveCfg = Debug|Any CPU
		{7D3D1874-6DF1-41C7-A6CD-DF7249DAD153}.Debug|Any CPU.Build.0 = Debug|Any CPU
		{7D3D1874-6DF1-41C7-A6CD-DF7249DAD153}.Debug|x86.ActiveCfg = Debug|x86
		{7D3D1874-6DF1-41C7-A6CD-DF7249DAD153}.Debug|x86.Build.0 = Debug|x86
		{7D3D1874-6DF1-41C7-A6CD-DF7249DAD153}.Release|Any CPU.ActiveCfg = Release|Any CPU
		{7D3D1874-6DF1-41C7-A6CD-DF7249DAD153}.Release|Any CPU.Build.0 = Release|Any CPU
		{7D3D1874-6DF1-41C7-A6CD-DF7249DAD153}.Release|x86.ActiveCfg = Release|x86
		{7D3D1874-6DF1-41C7-A6CD-DF7249DAD153}.Release|x86.Build.0 = Release|x86
		{7D3D1874-6DF1-41C7-A6CD-DF7249DAD153}.StrongMagic|Any CPU.ActiveCfg = Release|Any CPU
		{7D3D1874-6DF1-41C7-A6CD-DF7249DAD153}.StrongMagic|Any CPU.Build.0 = Release|Any CPU
		{7D3D1874-6DF1-41C7-A6CD-DF7249DAD153}.StrongMagic|x86.ActiveCfg = Release|x86
		{7D3D1874-6DF1-41C7-A6CD-DF7249DAD153}.StrongMagic|x86.Build.0 = Release|x86
		{09DB18C4-6C15-450D-8AA3-9A7B271EBDBF}.Debug|Any CPU.ActiveCfg = Debug|Any CPU
		{09DB18C4-6C15-450D-8AA3-9A7B271EBDBF}.Debug|Any CPU.Build.0 = Debug|Any CPU
		{09DB18C4-6C15-450D-8AA3-9A7B271EBDBF}.Debug|x86.ActiveCfg = Debug|x86
		{09DB18C4-6C15-450D-8AA3-9A7B271EBDBF}.Debug|x86.Build.0 = Debug|x86
		{09DB18C4-6C15-450D-8AA3-9A7B271EBDBF}.Release|Any CPU.ActiveCfg = Release|Any CPU
		{09DB18C4-6C15-450D-8AA3-9A7B271EBDBF}.Release|Any CPU.Build.0 = Release|Any CPU
		{09DB18C4-6C15-450D-8AA3-9A7B271EBDBF}.Release|x86.ActiveCfg = Release|x86
		{09DB18C4-6C15-450D-8AA3-9A7B271EBDBF}.Release|x86.Build.0 = Release|x86
		{09DB18C4-6C15-450D-8AA3-9A7B271EBDBF}.StrongMagic|Any CPU.ActiveCfg = Release|Any CPU
		{09DB18C4-6C15-450D-8AA3-9A7B271EBDBF}.StrongMagic|Any CPU.Build.0 = Release|Any CPU
		{09DB18C4-6C15-450D-8AA3-9A7B271EBDBF}.StrongMagic|x86.ActiveCfg = Release|x86
		{09DB18C4-6C15-450D-8AA3-9A7B271EBDBF}.StrongMagic|x86.Build.0 = Release|x86
		{2C87871D-4A93-44CF-A55F-5020C3946779}.Debug|Any CPU.ActiveCfg = Debug|Any CPU
		{2C87871D-4A93-44CF-A55F-5020C3946779}.Debug|Any CPU.Build.0 = Debug|Any CPU
		{2C87871D-4A93-44CF-A55F-5020C3946779}.Debug|x86.ActiveCfg = Debug|x86
		{2C87871D-4A93-44CF-A55F-5020C3946779}.Debug|x86.Build.0 = Debug|x86
		{2C87871D-4A93-44CF-A55F-5020C3946779}.Release|Any CPU.ActiveCfg = Release|Any CPU
		{2C87871D-4A93-44CF-A55F-5020C3946779}.Release|Any CPU.Build.0 = Release|Any CPU
		{2C87871D-4A93-44CF-A55F-5020C3946779}.Release|x86.ActiveCfg = Release|x86
		{2C87871D-4A93-44CF-A55F-5020C3946779}.Release|x86.Build.0 = Release|x86
		{2C87871D-4A93-44CF-A55F-5020C3946779}.StrongMagic|Any CPU.ActiveCfg = Release|Any CPU
		{2C87871D-4A93-44CF-A55F-5020C3946779}.StrongMagic|Any CPU.Build.0 = Release|Any CPU
		{2C87871D-4A93-44CF-A55F-5020C3946779}.StrongMagic|x86.ActiveCfg = Release|x86
		{2C87871D-4A93-44CF-A55F-5020C3946779}.StrongMagic|x86.Build.0 = Release|x86
		{49E372E1-6B41-4C01-B2BC-907398749438}.Debug|Any CPU.ActiveCfg = Debug|Any CPU
		{49E372E1-6B41-4C01-B2BC-907398749438}.Debug|Any CPU.Build.0 = Debug|Any CPU
		{49E372E1-6B41-4C01-B2BC-907398749438}.Debug|x86.ActiveCfg = Debug|Any CPU
		{49E372E1-6B41-4C01-B2BC-907398749438}.Debug|x86.Build.0 = Debug|Any CPU
		{49E372E1-6B41-4C01-B2BC-907398749438}.Release|Any CPU.ActiveCfg = Release|Any CPU
		{49E372E1-6B41-4C01-B2BC-907398749438}.Release|Any CPU.Build.0 = Release|Any CPU
		{49E372E1-6B41-4C01-B2BC-907398749438}.Release|x86.ActiveCfg = Release|x86
		{49E372E1-6B41-4C01-B2BC-907398749438}.Release|x86.Build.0 = Release|x86
		{49E372E1-6B41-4C01-B2BC-907398749438}.StrongMagic|Any CPU.ActiveCfg = Release|Any CPU
		{49E372E1-6B41-4C01-B2BC-907398749438}.StrongMagic|Any CPU.Build.0 = Release|Any CPU
		{49E372E1-6B41-4C01-B2BC-907398749438}.StrongMagic|x86.ActiveCfg = Release|Any CPU
		{49E372E1-6B41-4C01-B2BC-907398749438}.StrongMagic|x86.Build.0 = Release|Any CPU
		{C2E427AC-787D-40A4-A1D6-E709D3D0DCEC}.Debug|Any CPU.ActiveCfg = Debug|Any CPU
		{C2E427AC-787D-40A4-A1D6-E709D3D0DCEC}.Debug|Any CPU.Build.0 = Debug|Any CPU
		{C2E427AC-787D-40A4-A1D6-E709D3D0DCEC}.Debug|x86.ActiveCfg = Debug|Any CPU
		{C2E427AC-787D-40A4-A1D6-E709D3D0DCEC}.Debug|x86.Build.0 = Debug|Any CPU
		{C2E427AC-787D-40A4-A1D6-E709D3D0DCEC}.Release|Any CPU.ActiveCfg = Release|Any CPU
		{C2E427AC-787D-40A4-A1D6-E709D3D0DCEC}.Release|Any CPU.Build.0 = Release|Any CPU
		{C2E427AC-787D-40A4-A1D6-E709D3D0DCEC}.Release|x86.ActiveCfg = Release|x86
		{C2E427AC-787D-40A4-A1D6-E709D3D0DCEC}.Release|x86.Build.0 = Release|x86
		{C2E427AC-787D-40A4-A1D6-E709D3D0DCEC}.StrongMagic|Any CPU.ActiveCfg = Release|Any CPU
		{C2E427AC-787D-40A4-A1D6-E709D3D0DCEC}.StrongMagic|Any CPU.Build.0 = Release|Any CPU
		{C2E427AC-787D-40A4-A1D6-E709D3D0DCEC}.StrongMagic|x86.ActiveCfg = Release|Any CPU
		{C2E427AC-787D-40A4-A1D6-E709D3D0DCEC}.StrongMagic|x86.Build.0 = Release|Any CPU
		{5E1931F3-AE49-4D1A-AF55-698E77FE68C4}.Debug|Any CPU.ActiveCfg = Debug|Any CPU
		{5E1931F3-AE49-4D1A-AF55-698E77FE68C4}.Debug|Any CPU.Build.0 = Debug|Any CPU
		{5E1931F3-AE49-4D1A-AF55-698E77FE68C4}.Debug|x86.ActiveCfg = Debug|x86
		{5E1931F3-AE49-4D1A-AF55-698E77FE68C4}.Debug|x86.Build.0 = Debug|x86
		{5E1931F3-AE49-4D1A-AF55-698E77FE68C4}.Release|Any CPU.ActiveCfg = Release|Any CPU
		{5E1931F3-AE49-4D1A-AF55-698E77FE68C4}.Release|Any CPU.Build.0 = Release|Any CPU
		{5E1931F3-AE49-4D1A-AF55-698E77FE68C4}.Release|x86.ActiveCfg = Release|x86
		{5E1931F3-AE49-4D1A-AF55-698E77FE68C4}.Release|x86.Build.0 = Release|x86
		{5E1931F3-AE49-4D1A-AF55-698E77FE68C4}.StrongMagic|Any CPU.ActiveCfg = Release|Any CPU
		{5E1931F3-AE49-4D1A-AF55-698E77FE68C4}.StrongMagic|Any CPU.Build.0 = Release|Any CPU
		{5E1931F3-AE49-4D1A-AF55-698E77FE68C4}.StrongMagic|x86.ActiveCfg = Release|x86
		{5E1931F3-AE49-4D1A-AF55-698E77FE68C4}.StrongMagic|x86.Build.0 = Release|x86
	EndGlobalSection
	GlobalSection(SolutionProperties) = preSolution
		HideSolutionNode = FALSE
	EndGlobalSection
	GlobalSection(SubversionScc) = preSolution
		Svn-Managed = True
		Manager = AnkhSVN - Subversion Support for Visual Studio
	EndGlobalSection
EndGlobal
